{
    "_meta": {
        "hash": {
            "sha256": "5d7e6d64f747e4fe9f46e0b1225bd2228387f20a3cbc41077801c5d04d5a1f4d"
        },
        "pipfile-spec": 6,
        "requires": {
            "python_version": "3.7"
        },
        "sources": [
            {
                "name": "pypi",
                "url": "https://pypi.python.org/simple",
                "verify_ssl": true
            }
        ]
    },
    "default": {
        "bottle": {
            "hashes": [
                "sha256:1896a33b2c7c5be07491e6789e341f2e9593a0ff024cc0374615118587c81647",
                "sha256:e9eaa412a60cc3d42ceb42f58d15864d9ed1b92e9d630b8130c871c5bb16107c"
            ],
            "index": "pypi",
            "version": "==0.12.17"
        },
        "waitress": {
            "hashes": [
                "sha256:b3b6450106b65bfcbefce5940fff23240305db86683cbf4e524af199b514ba61",
                "sha256:edbb927a6f7c43d4fde35740786a30c180c1623d70a7ad5fd1d1f4adacc54468"
            ],
            "index": "pypi",
            "version": "==1.4.0"
        }
    },
    "develop": {}
}
